
Microsoft Visual Studio Solution File, Format Version 12.00
# Visual Studio 14
VisualStudioVersion = 14.0.25123.0
MinimumVisualStudioVersion = 10.0.40219.1
Project("{FAE04EC0-301F-11D3-BF4B-00C04F79EFBC}") = "Problem01CenturiesToMinutes", "Problem1CenturiesToMinutes\Problem01CenturiesToMinutes.csproj", "{7350ED09-E8FD-4C5E-8DBD-19C02E8D5827}"
EndProject
Project("{FAE04EC0-301F-11D3-BF4B-00C04F79EFBC}") = "Problem02CircleArea", "Problem2CircleArea\Problem02CircleArea.csproj", "{AD6100E3-50A2-4424-A79D-74A73CF84849}"
EndProject
Project("{FAE04EC0-301F-11D3-BF4B-00C04F79EFBC}") = "Problem03ExactSumOfRealNumbers", "Problem3ExactSumOfRealNumbers\Problem03ExactSumOfRealNumbers.csproj", "{09151E8D-7003-4608-B9BC-33DAE3BC59DE}"
EndProject
Project("{FAE04EC0-301F-11D3-BF4B-00C04F79EFBC}") = "Problem04Elevator", "Problem4Elevator\Problem04Elevator.csproj", "{9CE412CB-0EEA-4A43-B9D4-2B0FBC258E4A}"
EndProject
Project("{FAE04EC0-301F-11D3-BF4B-00C04F79EFBC}") = "Problem05SpecialNumbers", "Problem5SpecialNumbers\Problem05SpecialNumbers.csproj", "{BAEE9B78-17A1-43CB-855B-F62642FB9FE0}"
EndProject
Project("{FAE04EC0-301F-11D3-BF4B-00C04F79EFBC}") = "Problem06TriplesOfLetters", "Problem6TriplesOfLetters\Problem06TriplesOfLetters.csproj", "{97243DE9-9BEE-4111-898B-7FAF9C9DE6C7}"
EndProject
Project("{FAE04EC0-301F-11D3-BF4B-00C04F79EFBC}") = "Problem07Greeting", "Problem7Greeting\Problem07Greeting.csproj", "{62A58CAA-EF33-43C0-9223-74EEF2B70D7B}"
EndProject
Project("{FAE04EC0-301F-11D3-BF4B-00C04F79EFBC}") = "Problem08DayOfWeek", "Problem8DayOfWeek\Problem08DayOfWeek.csproj", "{37DB107D-8FD1-458D-8C1E-C55BB7424FE2}"
EndProject
Project("{FAE04EC0-301F-11D3-BF4B-00C04F79EFBC}") = "Problem09AnimalTime", "Problem9AnimalTime\Problem09AnimalTime.csproj", "{7814E2AF-6C58-4074-B862-C70A80B67403}"
EndProject
Project("{FAE04EC0-301F-11D3-BF4B-00C04F79EFBC}") = "Problem10FilledSquare", "Problem10FilledSquare\Problem10FilledSquare.csproj", "{646BCF97-3BA8-45B1-80C5-BDA1C28820D8}"
EndProject
Project("{FAE04EC0-301F-11D3-BF4B-00C04F79EFBC}") = "Problem11PracticeIntegerNumbers", "Problem11Practice Integer Numbers\Problem11PracticeIntegerNumbers.csproj", "{D88C6ED7-8592-4DC6-9128-F867984C59D3}"
EndProject
Project("{FAE04EC0-301F-11D3-BF4B-00C04F79EFBC}") = "Problem12PracticeFloatingPointNumbers", "Problem12PracticeFloatingPointNumbers\Problem12PracticeFloatingPointNumbers.csproj", "{F5D484AF-656E-45F5-BC65-048BDB2AB9EF}"
EndProject
Project("{FAE04EC0-301F-11D3-BF4B-00C04F79EFBC}") = "Problem13PracticeCharactersAndStrings", "Problem13PracticeCharactersAndStrings\Problem13PracticeCharactersAndStrings.csproj", "{7B4A5A6C-EF7A-49F9-A59C-64DD7F84F297}"
EndProject
Project("{FAE04EC0-301F-11D3-BF4B-00C04F79EFBC}") = "Problem14VariableInHexadecimalFormat", "Problem14VariableInHexadecimalFormat\Problem14VariableInHexadecimalFormat.csproj", "{B8B40F0C-A803-4CFD-9F19-C394C4BEBEB1}"
EndProject
Project("{FAE04EC0-301F-11D3-BF4B-00C04F79EFBC}") = "Problem15BooleanVariable", "Problem15BooleanVariable\Problem15BooleanVariable.csproj", "{B68B880E-15CA-4142-85DC-58E7074591D0}"
EndProject
Project("{FAE04EC0-301F-11D3-BF4B-00C04F79EFBC}") = "Problem16StringsAndObjects", "Problem16StringsAndObjects\Problem16StringsAndObjects.csproj", "{B2A71972-8552-43BF-BDDD-73DFA0041FF2}"
EndProject
Project("{FAE04EC0-301F-11D3-BF4B-00C04F79EFBC}") = "Problem17ExchangeVariableValues", "Problem17ExchangeVariableValues\Problem17ExchangeVariableValues.csproj", "{4AE89110-9CE2-4A6F-904F-E84D61675BFC}"
EndProject
Project("{FAE04EC0-301F-11D3-BF4B-00C04F79EFBC}") = "Problem18EmployeeData", "Problem18EmployeeData\Problem18EmployeeData.csproj", "{2688C27E-60FB-4E59-B967-820158A95E25}"
EndProject
Project("{FAE04EC0-301F-11D3-BF4B-00C04F79EFBC}") = "Problem19ReverseCharacters", "Problem19ReverseCharacters\Problem19ReverseCharacters.csproj", "{02B0AC5E-CBBC-4C63-9AE9-BFBD6B6A53A1}"
EndProject
Project("{FAE04EC0-301F-11D3-BF4B-00C04F79EFBC}") = "Problem20CenturiesToNanoseconds", "Problem20CenturiesToNanoseconds\Problem20CenturiesToNanoseconds.csproj", "{8E3A30A4-8CF3-4956-8BFF-9E3C08D2C328}"
EndProject
Global
	GlobalSection(SolutionConfigurationPlatforms) = preSolution
		Debug|Any CPU = Debug|Any CPU
		Release|Any CPU = Release|Any CPU
	EndGlobalSection
	GlobalSection(ProjectConfigurationPlatforms) = postSolution
		{7350ED09-E8FD-4C5E-8DBD-19C02E8D5827}.Debug|Any CPU.ActiveCfg = Debug|Any CPU
		{7350ED09-E8FD-4C5E-8DBD-19C02E8D5827}.Debug|Any CPU.Build.0 = Debug|Any CPU
		{7350ED09-E8FD-4C5E-8DBD-19C02E8D5827}.Release|Any CPU.ActiveCfg = Release|Any CPU
		{7350ED09-E8FD-4C5E-8DBD-19C02E8D5827}.Release|Any CPU.Build.0 = Release|Any CPU
		{AD6100E3-50A2-4424-A79D-74A73CF84849}.Debug|Any CPU.ActiveCfg = Debug|Any CPU
		{AD6100E3-50A2-4424-A79D-74A73CF84849}.Debug|Any CPU.Build.0 = Debug|Any CPU
		{AD6100E3-50A2-4424-A79D-74A73CF84849}.Release|Any CPU.ActiveCfg = Release|Any CPU
		{AD6100E3-50A2-4424-A79D-74A73CF84849}.Release|Any CPU.Build.0 = Release|Any CPU
		{09151E8D-7003-4608-B9BC-33DAE3BC59DE}.Debug|Any CPU.ActiveCfg = Debug|Any CPU
		{09151E8D-7003-4608-B9BC-33DAE3BC59DE}.Debug|Any CPU.Build.0 = Debug|Any CPU
		{09151E8D-7003-4608-B9BC-33DAE3BC59DE}.Release|Any CPU.ActiveCfg = Release|Any CPU
		{09151E8D-7003-4608-B9BC-33DAE3BC59DE}.Release|Any CPU.Build.0 = Release|Any CPU
		{9CE412CB-0EEA-4A43-B9D4-2B0FBC258E4A}.Debug|Any CPU.ActiveCfg = Debug|Any CPU
		{9CE412CB-0EEA-4A43-B9D4-2B0FBC258E4A}.Debug|Any CPU.Build.0 = Debug|Any CPU
		{9CE412CB-0EEA-4A43-B9D4-2B0FBC258E4A}.Release|Any CPU.ActiveCfg = Release|Any CPU
		{9CE412CB-0EEA-4A43-B9D4-2B0FBC258E4A}.Release|Any CPU.Build.0 = Release|Any CPU
		{BAEE9B78-17A1-43CB-855B-F62642FB9FE0}.Debug|Any CPU.ActiveCfg = Debug|Any CPU
		{BAEE9B78-17A1-43CB-855B-F62642FB9FE0}.Debug|Any CPU.Build.0 = Debug|Any CPU
		{BAEE9B78-17A1-43CB-855B-F62642FB9FE0}.Release|Any CPU.ActiveCfg = Release|Any CPU
		{BAEE9B78-17A1-43CB-855B-F62642FB9FE0}.Release|Any CPU.Build.0 = Release|Any CPU
		{97243DE9-9BEE-4111-898B-7FAF9C9DE6C7}.Debug|Any CPU.ActiveCfg = Debug|Any CPU
		{97243DE9-9BEE-4111-898B-7FAF9C9DE6C7}.Debug|Any CPU.Build.0 = Debug|Any CPU
		{97243DE9-9BEE-4111-898B-7FAF9C9DE6C7}.Release|Any CPU.ActiveCfg = Release|Any CPU
		{97243DE9-9BEE-4111-898B-7FAF9C9DE6C7}.Release|Any CPU.Build.0 = Release|Any CPU
		{62A58CAA-EF33-43C0-9223-74EEF2B70D7B}.Debug|Any CPU.ActiveCfg = Debug|Any CPU
		{62A58CAA-EF33-43C0-9223-74EEF2B70D7B}.Debug|Any CPU.Build.0 = Debug|Any CPU
		{62A58CAA-EF33-43C0-9223-74EEF2B70D7B}.Release|Any CPU.ActiveCfg = Release|Any CPU
		{62A58CAA-EF33-43C0-9223-74EEF2B70D7B}.Release|Any CPU.Build.0 = Release|Any CPU
		{37DB107D-8FD1-458D-8C1E-C55BB7424FE2}.Debug|Any CPU.ActiveCfg = Debug|Any CPU
		{37DB107D-8FD1-458D-8C1E-C55BB7424FE2}.Debug|Any CPU.Build.0 = Debug|Any CPU
		{37DB107D-8FD1-458D-8C1E-C55BB7424FE2}.Release|Any CPU.ActiveCfg = Release|Any CPU
		{37DB107D-8FD1-458D-8C1E-C55BB7424FE2}.Release|Any CPU.Build.0 = Release|Any CPU
		{7814E2AF-6C58-4074-B862-C70A80B67403}.Debug|Any CPU.ActiveCfg = Debug|Any CPU
		{7814E2AF-6C58-4074-B862-C70A80B67403}.Debug|Any CPU.Build.0 = Debug|Any CPU
		{7814E2AF-6C58-4074-B862-C70A80B67403}.Release|Any CPU.ActiveCfg = Release|Any CPU
		{7814E2AF-6C58-4074-B862-C70A80B67403}.Release|Any CPU.Build.0 = Release|Any CPU
		{646BCF97-3BA8-45B1-80C5-BDA1C28820D8}.Debug|Any CPU.ActiveCfg = Debug|Any CPU
		{646BCF97-3BA8-45B1-80C5-BDA1C28820D8}.Debug|Any CPU.Build.0 = Debug|Any CPU
		{646BCF97-3BA8-45B1-80C5-BDA1C28820D8}.Release|Any CPU.ActiveCfg = Release|Any CPU
		{646BCF97-3BA8-45B1-80C5-BDA1C28820D8}.Release|Any CPU.Build.0 = Release|Any CPU
		{D88C6ED7-8592-4DC6-9128-F867984C59D3}.Debug|Any CPU.ActiveCfg = Debug|Any CPU
		{D88C6ED7-8592-4DC6-9128-F867984C59D3}.Debug|Any CPU.Build.0 = Debug|Any CPU
		{D88C6ED7-8592-4DC6-9128-F867984C59D3}.Release|Any CPU.ActiveCfg = Release|Any CPU
		{D88C6ED7-8592-4DC6-9128-F867984C59D3}.Release|Any CPU.Build.0 = Release|Any CPU
		{F5D484AF-656E-45F5-BC65-048BDB2AB9EF}.Debug|Any CPU.ActiveCfg = Debug|Any CPU
		{F5D484AF-656E-45F5-BC65-048BDB2AB9EF}.Debug|Any CPU.Build.0 = Debug|Any CPU
		{F5D484AF-656E-45F5-BC65-048BDB2AB9EF}.Release|Any CPU.ActiveCfg = Release|Any CPU
		{F5D484AF-656E-45F5-BC65-048BDB2AB9EF}.Release|Any CPU.Build.0 = Release|Any CPU
		{7B4A5A6C-EF7A-49F9-A59C-64DD7F84F297}.Debug|Any CPU.ActiveCfg = Debug|Any CPU
		{7B4A5A6C-EF7A-49F9-A59C-64DD7F84F297}.Debug|Any CPU.Build.0 = Debug|Any CPU
		{7B4A5A6C-EF7A-49F9-A59C-64DD7F84F297}.Release|Any CPU.ActiveCfg = Release|Any CPU
		{7B4A5A6C-EF7A-49F9-A59C-64DD7F84F297}.Release|Any CPU.Build.0 = Release|Any CPU
		{B8B40F0C-A803-4CFD-9F19-C394C4BEBEB1}.Debug|Any CPU.ActiveCfg = Debug|Any CPU
		{B8B40F0C-A803-4CFD-9F19-C394C4BEBEB1}.Debug|Any CPU.Build.0 = Debug|Any CPU
		{B8B40F0C-A803-4CFD-9F19-C394C4BEBEB1}.Release|Any CPU.ActiveCfg = Release|Any CPU
		{B8B40F0C-A803-4CFD-9F19-C394C4BEBEB1}.Release|Any CPU.Build.0 = Release|Any CPU
		{B68B880E-15CA-4142-85DC-58E7074591D0}.Debug|Any CPU.ActiveCfg = Debug|Any CPU
		{B68B880E-15CA-4142-85DC-58E7074591D0}.Debug|Any CPU.Build.0 = Debug|Any CPU
		{B68B880E-15CA-4142-85DC-58E7074591D0}.Release|Any CPU.ActiveCfg = Release|Any CPU
		{B68B880E-15CA-4142-85DC-58E7074591D0}.Release|Any CPU.Build.0 = Release|Any CPU
		{B2A71972-8552-43BF-BDDD-73DFA0041FF2}.Debug|Any CPU.ActiveCfg = Debug|Any CPU
		{B2A71972-8552-43BF-BDDD-73DFA0041FF2}.Debug|Any CPU.Build.0 = Debug|Any CPU
		{B2A71972-8552-43BF-BDDD-73DFA0041FF2}.Release|Any CPU.ActiveCfg = Release|Any CPU
		{B2A71972-8552-43BF-BDDD-73DFA0041FF2}.Release|Any CPU.Build.0 = Release|Any CPU
		{4AE89110-9CE2-4A6F-904F-E84D61675BFC}.Debug|Any CPU.ActiveCfg = Debug|Any CPU
		{4AE89110-9CE2-4A6F-904F-E84D61675BFC}.Debug|Any CPU.Build.0 = Debug|Any CPU
		{4AE89110-9CE2-4A6F-904F-E84D61675BFC}.Release|Any CPU.ActiveCfg = Release|Any CPU
		{4AE89110-9CE2-4A6F-904F-E84D61675BFC}.Release|Any CPU.Build.0 = Release|Any CPU
		{2688C27E-60FB-4E59-B967-820158A95E25}.Debug|Any CPU.ActiveCfg = Debug|Any CPU
		{2688C27E-60FB-4E59-B967-820158A95E25}.Debug|Any CPU.Build.0 = Debug|Any CPU
		{2688C27E-60FB-4E59-B967-820158A95E25}.Release|Any CPU.ActiveCfg = Release|Any CPU
		{2688C27E-60FB-4E59-B967-820158A95E25}.Release|Any CPU.Build.0 = Release|Any CPU
		{02B0AC5E-CBBC-4C63-9AE9-BFBD6B6A53A1}.Debug|Any CPU.ActiveCfg = Debug|Any CPU
		{02B0AC5E-CBBC-4C63-9AE9-BFBD6B6A53A1}.Debug|Any CPU.Build.0 = Debug|Any CPU
		{02B0AC5E-CBBC-4C63-9AE9-BFBD6B6A53A1}.Release|Any CPU.ActiveCfg = Release|Any CPU
		{02B0AC5E-CBBC-4C63-9AE9-BFBD6B6A53A1}.Release|Any CPU.Build.0 = Release|Any CPU
		{8E3A30A4-8CF3-4956-8BFF-9E3C08D2C328}.Debug|Any CPU.ActiveCfg = Debug|Any CPU
		{8E3A30A4-8CF3-4956-8BFF-9E3C08D2C328}.Debug|Any CPU.Build.0 = Debug|Any CPU
		{8E3A30A4-8CF3-4956-8BFF-9E3C08D2C328}.Release|Any CPU.ActiveCfg = Release|Any CPU
		{8E3A30A4-8CF3-4956-8BFF-9E3C08D2C328}.Release|Any CPU.Build.0 = Release|Any CPU
	EndGlobalSection
	GlobalSection(SolutionProperties) = preSolution
		HideSolutionNode = FALSE
	EndGlobalSection
EndGlobal
